// !$*UTF8*$!
{
	archiveVersion = 1;
	classes = {
	};
	objectVersion = 77;
	objects = {

/* Begin PBXBuildFile section */
		235689312D881F8F00F0DA60 /* ManagedSettings.framework in Frameworks */ = {isa = PBXBuildFile; fileRef = 71D16CA42D64B83600D45875 /* ManagedSettings.framework */; };
		235689322D881F8F00F0DA60 /* ManagedSettingsUI.framework in Frameworks */ = {isa = PBXBuildFile; fileRef = 71D16CA62D64B83600D45875 /* ManagedSettingsUI.framework */; };
		2356893A2D881F8F00F0DA60 /* ShieldConfiguration.appex in Embed Foundation Extensions */ = {isa = PBXBuildFile; fileRef = 235689302D881F8F00F0DA60 /* ShieldConfiguration.appex */; settings = {ATTRIBUTES = (RemoveHeadersOnCopy, ); }; };
		237F5B252D7EBE1200FD3215 /* DeviceActivity.framework in Frameworks */ = {isa = PBXBuildFile; fileRef = 233660FC2D5DC25600C5F383 /* DeviceActivity.framework */; };
		237F5B2D2D7EBE1200FD3215 /* DeviceActivityMonitor.appex in Embed Foundation Extensions */ = {isa = PBXBuildFile; fileRef = 237F5B242D7EBE1200FD3215 /* DeviceActivityMonitor.appex */; settings = {ATTRIBUTES = (RemoveHeadersOnCopy, ); }; };
		23CC31AC2D40B3480026CF54 /* Then in Frameworks */ = {isa = PBXBuildFile; productRef = 23CC31AB2D40B3480026CF54 /* Then */; };
		23CC31AF2D40B3570026CF54 /* SnapKit in Frameworks */ = {isa = PBXBuildFile; productRef = 23CC31AE2D40B3570026CF54 /* SnapKit */; };
		23CF7FEF2D45DE110019D597 /* RxCocoa in Frameworks */ = {isa = PBXBuildFile; productRef = 23CF7FEE2D45DE110019D597 /* RxCocoa */; };
		23CF7FF12D45DE110019D597 /* RxRelay in Frameworks */ = {isa = PBXBuildFile; productRef = 23CF7FF02D45DE110019D597 /* RxRelay */; };
		23CF7FF32D45DE110019D597 /* RxSwift in Frameworks */ = {isa = PBXBuildFile; productRef = 23CF7FF22D45DE110019D597 /* RxSwift */; };
/* End PBXBuildFile section */

/* Begin PBXContainerItemProxy section */
		235689382D881F8F00F0DA60 /* PBXContainerItemProxy */ = {
			isa = PBXContainerItemProxy;
			containerPortal = 71F41ED42D3FC73300257988 /* Project object */;
			proxyType = 1;
			remoteGlobalIDString = 2356892F2D881F8F00F0DA60;
			remoteInfo = ShieldConfiguration;
		};
		237F5B2B2D7EBE1200FD3215 /* PBXContainerItemProxy */ = {
			isa = PBXContainerItemProxy;
			containerPortal = 71F41ED42D3FC73300257988 /* Project object */;
			proxyType = 1;
			remoteGlobalIDString = 237F5B232D7EBE1200FD3215;
			remoteInfo = DeviceActivityMonitor;
		};
/* End PBXContainerItemProxy section */

/* Begin PBXCopyFilesBuildPhase section */
		2336610A2D5DC25600C5F383 /* Embed Foundation Extensions */ = {
			isa = PBXCopyFilesBuildPhase;
			buildActionMask = 2147483647;
			dstPath = "";
			dstSubfolderSpec = 13;
			files = (
				2356893A2D881F8F00F0DA60 /* ShieldConfiguration.appex in Embed Foundation Extensions */,
				237F5B2D2D7EBE1200FD3215 /* DeviceActivityMonitor.appex in Embed Foundation Extensions */,
			);
			name = "Embed Foundation Extensions";
			runOnlyForDeploymentPostprocessing = 0;
		};
/* End PBXCopyFilesBuildPhase section */

/* Begin PBXFileReference section */
		233660FC2D5DC25600C5F383 /* DeviceActivity.framework */ = {isa = PBXFileReference; lastKnownFileType = wrapper.framework; name = DeviceActivity.framework; path = System/Library/Frameworks/DeviceActivity.framework; sourceTree = SDKROOT; };
		235689302D881F8F00F0DA60 /* ShieldConfiguration.appex */ = {isa = PBXFileReference; explicitFileType = "wrapper.app-extension"; includeInIndex = 0; path = ShieldConfiguration.appex; sourceTree = BUILT_PRODUCTS_DIR; };
		237F5B242D7EBE1200FD3215 /* DeviceActivityMonitor.appex */ = {isa = PBXFileReference; explicitFileType = "wrapper.app-extension"; includeInIndex = 0; path = DeviceActivityMonitor.appex; sourceTree = BUILT_PRODUCTS_DIR; };
		71D16CA42D64B83600D45875 /* ManagedSettings.framework */ = {isa = PBXFileReference; lastKnownFileType = wrapper.framework; name = ManagedSettings.framework; path = System/Library/Frameworks/ManagedSettings.framework; sourceTree = SDKROOT; };
		71D16CA62D64B83600D45875 /* ManagedSettingsUI.framework */ = {isa = PBXFileReference; lastKnownFileType = wrapper.framework; name = ManagedSettingsUI.framework; path = System/Library/Frameworks/ManagedSettingsUI.framework; sourceTree = SDKROOT; };
		71F41EDC2D3FC73300257988 /* star.app */ = {isa = PBXFileReference; explicitFileType = wrapper.application; includeInIndex = 0; path = star.app; sourceTree = BUILT_PRODUCTS_DIR; };
/* End PBXFileReference section */

/* Begin PBXFileSystemSynchronizedBuildFileExceptionSet section */
		2356893E2D881F8F00F0DA60 /* Exceptions for "ShieldConfiguration" folder in "ShieldConfiguration" target */ = {
			isa = PBXFileSystemSynchronizedBuildFileExceptionSet;
			membershipExceptions = (
				Info.plist,
			);
			target = 2356892F2D881F8F00F0DA60 /* ShieldConfiguration */;
		};
		235689412D88200000F0DA60 /* Exceptions for "star" folder in "ShieldConfiguration" target */ = {
			isa = PBXFileSystemSynchronizedBuildFileExceptionSet;
			membershipExceptions = (
				Resource/Colors.xcassets,
				Resource/Localizable.xcstrings,
				"Source/Core/Extension/String+Localization.swift",
			);
			target = 2356892F2D881F8F00F0DA60 /* ShieldConfiguration */;
		};
		237F5B312D7EBE1200FD3215 /* Exceptions for "DeviceActivityMonitor" folder in "DeviceActivityMonitor" target */ = {
			isa = PBXFileSystemSynchronizedBuildFileExceptionSet;
			membershipExceptions = (
				Info.plist,
			);
			target = 237F5B232D7EBE1200FD3215 /* DeviceActivityMonitor */;
		};
		237F5B332D7EBE2800FD3215 /* Exceptions for "star" folder in "DeviceActivityMonitor" target */ = {
			isa = PBXFileSystemSynchronizedBuildFileExceptionSet;
			membershipExceptions = (
				Resource/Localizable.xcstrings,
				"Source/Core/Extension/DeviceActivityName+Extension.swift",
				"Source/Core/Extension/FamilyAcitivitySelection+Extension.swift",
				"Source/Core/Extension/String+Localization.swift",
				"Source/Core/Extension/UserDefaults+Extension.swift",
				Source/Core/Manager/BlockManager.swift,
				Source/Core/Manager/FamilyControlsManager.swift,
				Source/Core/Manager/RestManager.swift,
				Source/Core/Manager/StarManager/StarManager.swift,
				Source/Core/Manager/StarManager/StarUserDefaultsManager/StarIDFormatter.swift,
				Source/Core/Manager/StarManager/StarUserDefaultsManager/StarIDManager.swift,
				Source/Core/Manager/StarManager/StarUserDefaultsManager/StarUserDefaultsManager.swift,
				Source/Model/Star/Protocol/JSONCodable.swift,
				Source/Model/Star/Schedule/Schedule.swift,
				Source/Model/Star/Schedule/ScheduleCalculator.swift,
				Source/Model/Star/Schedule/StarTime/StarTime.swift,
				Source/Model/Star/Schedule/StarTime/StarTimeFormatter.swift,
				Source/Model/Star/Schedule/StarTime/StarTimeTranslator.swift,
				Source/Model/Star/Schedule/WeekDay/WeekDay.swift,
				Source/Model/Star/Schedule/WeekDay/WeekDayFormatter.swift,
				Source/Model/Star/Schedule/WeekDay/WeekDayTranslator.swift,
				Source/Model/Star/Star.swift,
				Source/Model/StarState/StarState.swift,
				Source/Model/StarState/StarStateFormatter.swift,
			);
			target = 237F5B232D7EBE1200FD3215 /* DeviceActivityMonitor */;
		};
		71F41F072D3FC73500257988 /* Exceptions for "star" folder in "star" target */ = {
			isa = PBXFileSystemSynchronizedBuildFileExceptionSet;
			membershipExceptions = (
				App/Info.plist,
			);
			target = 71F41EDB2D3FC73300257988 /* star */;
		};
/* End PBXFileSystemSynchronizedBuildFileExceptionSet section */

/* Begin PBXFileSystemSynchronizedRootGroup section */
		235689332D881F8F00F0DA60 /* ShieldConfiguration */ = {
			isa = PBXFileSystemSynchronizedRootGroup;
			exceptions = (
				2356893E2D881F8F00F0DA60 /* Exceptions for "ShieldConfiguration" folder in "ShieldConfiguration" target */,
			);
			path = ShieldConfiguration;
			sourceTree = "<group>";
		};
		237F5B262D7EBE1200FD3215 /* DeviceActivityMonitor */ = {
			isa = PBXFileSystemSynchronizedRootGroup;
			exceptions = (
				237F5B312D7EBE1200FD3215 /* Exceptions for "DeviceActivityMonitor" folder in "DeviceActivityMonitor" target */,
			);
			path = DeviceActivityMonitor;
			sourceTree = "<group>";
		};
		71F41EDE2D3FC73300257988 /* star */ = {
			isa = PBXFileSystemSynchronizedRootGroup;
			exceptions = (
				71F41F072D3FC73500257988 /* Exceptions for "star" folder in "star" target */,
				237F5B332D7EBE2800FD3215 /* Exceptions for "star" folder in "DeviceActivityMonitor" target */,
				235689412D88200000F0DA60 /* Exceptions for "star" folder in "ShieldConfiguration" target */,
			);
			path = star;
			sourceTree = "<group>";
		};
/* End PBXFileSystemSynchronizedRootGroup section */

/* Begin PBXFrameworksBuildPhase section */
		2356892D2D881F8F00F0DA60 /* Frameworks */ = {
			isa = PBXFrameworksBuildPhase;
			buildActionMask = 2147483647;
			files = (
				235689312D881F8F00F0DA60 /* ManagedSettings.framework in Frameworks */,
				235689322D881F8F00F0DA60 /* ManagedSettingsUI.framework in Frameworks */,
			);
			runOnlyForDeploymentPostprocessing = 0;
		};
		237F5B212D7EBE1200FD3215 /* Frameworks */ = {
			isa = PBXFrameworksBuildPhase;
			buildActionMask = 2147483647;
			files = (
				237F5B252D7EBE1200FD3215 /* DeviceActivity.framework in Frameworks */,
			);
			runOnlyForDeploymentPostprocessing = 0;
		};
		71F41ED92D3FC73300257988 /* Frameworks */ = {
			isa = PBXFrameworksBuildPhase;
			buildActionMask = 2147483647;
			files = (
				23CF7FEF2D45DE110019D597 /* RxCocoa in Frameworks */,
				23CC31AC2D40B3480026CF54 /* Then in Frameworks */,
				23CF7FF32D45DE110019D597 /* RxSwift in Frameworks */,
				23CF7FF12D45DE110019D597 /* RxRelay in Frameworks */,
				23CC31AF2D40B3570026CF54 /* SnapKit in Frameworks */,
			);
			runOnlyForDeploymentPostprocessing = 0;
		};
/* End PBXFrameworksBuildPhase section */

/* Begin PBXGroup section */
		233660FB2D5DC25600C5F383 /* Frameworks */ = {
			isa = PBXGroup;
			children = (
				233660FC2D5DC25600C5F383 /* DeviceActivity.framework */,
				71D16CA42D64B83600D45875 /* ManagedSettings.framework */,
				71D16CA62D64B83600D45875 /* ManagedSettingsUI.framework */,
			);
			name = Frameworks;
			sourceTree = "<group>";
		};
		71F41ED32D3FC73300257988 = {
			isa = PBXGroup;
			children = (
				71F41EDE2D3FC73300257988 /* star */,
				237F5B262D7EBE1200FD3215 /* DeviceActivityMonitor */,
				235689332D881F8F00F0DA60 /* ShieldConfiguration */,
				233660FB2D5DC25600C5F383 /* Frameworks */,
				71F41EDD2D3FC73300257988 /* Products */,
			);
			sourceTree = "<group>";
		};
		71F41EDD2D3FC73300257988 /* Products */ = {
			isa = PBXGroup;
			children = (
				71F41EDC2D3FC73300257988 /* star.app */,
				237F5B242D7EBE1200FD3215 /* DeviceActivityMonitor.appex */,
				235689302D881F8F00F0DA60 /* ShieldConfiguration.appex */,
			);
			name = Products;
			sourceTree = "<group>";
		};
/* End PBXGroup section */

/* Begin PBXNativeTarget section */
		2356892F2D881F8F00F0DA60 /* ShieldConfiguration */ = {
			isa = PBXNativeTarget;
			buildConfigurationList = 2356893B2D881F8F00F0DA60 /* Build configuration list for PBXNativeTarget "ShieldConfiguration" */;
			buildPhases = (
				2356892C2D881F8F00F0DA60 /* Sources */,
				2356892D2D881F8F00F0DA60 /* Frameworks */,
				2356892E2D881F8F00F0DA60 /* Resources */,
			);
			buildRules = (
			);
			dependencies = (
			);
			fileSystemSynchronizedGroups = (
				235689332D881F8F00F0DA60 /* ShieldConfiguration */,
			);
			name = ShieldConfiguration;
			packageProductDependencies = (
			);
			productName = ShieldConfiguration;
			productReference = 235689302D881F8F00F0DA60 /* ShieldConfiguration.appex */;
			productType = "com.apple.product-type.app-extension";
		};
		237F5B232D7EBE1200FD3215 /* DeviceActivityMonitor */ = {
			isa = PBXNativeTarget;
			buildConfigurationList = 237F5B2E2D7EBE1200FD3215 /* Build configuration list for PBXNativeTarget "DeviceActivityMonitor" */;
			buildPhases = (
				237F5B202D7EBE1200FD3215 /* Sources */,
				237F5B212D7EBE1200FD3215 /* Frameworks */,
				237F5B222D7EBE1200FD3215 /* Resources */,
			);
			buildRules = (
			);
			dependencies = (
			);
			fileSystemSynchronizedGroups = (
				237F5B262D7EBE1200FD3215 /* DeviceActivityMonitor */,
			);
			name = DeviceActivityMonitor;
			packageProductDependencies = (
			);
			productName = DeviceActivityMonitor;
			productReference = 237F5B242D7EBE1200FD3215 /* DeviceActivityMonitor.appex */;
			productType = "com.apple.product-type.app-extension";
		};
		71F41EDB2D3FC73300257988 /* star */ = {
			isa = PBXNativeTarget;
			buildConfigurationList = 71F41F082D3FC73500257988 /* Build configuration list for PBXNativeTarget "star" */;
			buildPhases = (
				71F41ED82D3FC73300257988 /* Sources */,
				71F41ED92D3FC73300257988 /* Frameworks */,
				71F41EDA2D3FC73300257988 /* Resources */,
				2336610A2D5DC25600C5F383 /* Embed Foundation Extensions */,
			);
			buildRules = (
			);
			dependencies = (
				237F5B2C2D7EBE1200FD3215 /* PBXTargetDependency */,
				235689392D881F8F00F0DA60 /* PBXTargetDependency */,
			);
			fileSystemSynchronizedGroups = (
				71F41EDE2D3FC73300257988 /* star */,
			);
			name = star;
			packageProductDependencies = (
				23CC31AB2D40B3480026CF54 /* Then */,
				23CC31AE2D40B3570026CF54 /* SnapKit */,
				23CF7FEE2D45DE110019D597 /* RxCocoa */,
				23CF7FF02D45DE110019D597 /* RxRelay */,
				23CF7FF22D45DE110019D597 /* RxSwift */,
			);
			productName = star;
			productReference = 71F41EDC2D3FC73300257988 /* star.app */;
			productType = "com.apple.product-type.application";
		};
/* End PBXNativeTarget section */

/* Begin PBXProject section */
		71F41ED42D3FC73300257988 /* Project object */ = {
			isa = PBXProject;
			attributes = {
				BuildIndependentTargetsInParallel = 1;
				LastSwiftUpdateCheck = 1620;
				LastUpgradeCheck = 1620;
				TargetAttributes = {
					2356892F2D881F8F00F0DA60 = {
						CreatedOnToolsVersion = 16.2;
					};
					237F5B232D7EBE1200FD3215 = {
						CreatedOnToolsVersion = 16.2;
					};
					71F41EDB2D3FC73300257988 = {
						CreatedOnToolsVersion = 16.1;
					};
				};
			};
			buildConfigurationList = 71F41ED72D3FC73300257988 /* Build configuration list for PBXProject "star" */;
			developmentRegion = en;
			hasScannedForEncodings = 0;
			knownRegions = (
				en,
				Base,
				ko,
				ja,
			);
			mainGroup = 71F41ED32D3FC73300257988;
			minimizedProjectReferenceProxies = 1;
			packageReferences = (
				23CC31AA2D40B3480026CF54 /* XCRemoteSwiftPackageReference "Then" */,
				23CC31AD2D40B3570026CF54 /* XCRemoteSwiftPackageReference "SnapKit" */,
				23CF7FED2D45DE110019D597 /* XCRemoteSwiftPackageReference "RxSwift" */,
			);
			preferredProjectObjectVersion = 77;
			productRefGroup = 71F41EDD2D3FC73300257988 /* Products */;
			projectDirPath = "";
			projectRoot = "";
			targets = (
				71F41EDB2D3FC73300257988 /* star */,
				237F5B232D7EBE1200FD3215 /* DeviceActivityMonitor */,
				2356892F2D881F8F00F0DA60 /* ShieldConfiguration */,
			);
		};
/* End PBXProject section */

/* Begin PBXResourcesBuildPhase section */
		2356892E2D881F8F00F0DA60 /* Resources */ = {
			isa = PBXResourcesBuildPhase;
			buildActionMask = 2147483647;
			files = (
			);
			runOnlyForDeploymentPostprocessing = 0;
		};
		237F5B222D7EBE1200FD3215 /* Resources */ = {
			isa = PBXResourcesBuildPhase;
			buildActionMask = 2147483647;
			files = (
			);
			runOnlyForDeploymentPostprocessing = 0;
		};
		71F41EDA2D3FC73300257988 /* Resources */ = {
			isa = PBXResourcesBuildPhase;
			buildActionMask = 2147483647;
			files = (
			);
			runOnlyForDeploymentPostprocessing = 0;
		};
/* End PBXResourcesBuildPhase section */

/* Begin PBXSourcesBuildPhase section */
		2356892C2D881F8F00F0DA60 /* Sources */ = {
			isa = PBXSourcesBuildPhase;
			buildActionMask = 2147483647;
			files = (
			);
			runOnlyForDeploymentPostprocessing = 0;
		};
		237F5B202D7EBE1200FD3215 /* Sources */ = {
			isa = PBXSourcesBuildPhase;
			buildActionMask = 2147483647;
			files = (
			);
			runOnlyForDeploymentPostprocessing = 0;
		};
		71F41ED82D3FC73300257988 /* Sources */ = {
			isa = PBXSourcesBuildPhase;
			buildActionMask = 2147483647;
			files = (
			);
			runOnlyForDeploymentPostprocessing = 0;
		};
/* End PBXSourcesBuildPhase section */

/* Begin PBXTargetDependency section */
		235689392D881F8F00F0DA60 /* PBXTargetDependency */ = {
			isa = PBXTargetDependency;
			target = 2356892F2D881F8F00F0DA60 /* ShieldConfiguration */;
			targetProxy = 235689382D881F8F00F0DA60 /* PBXContainerItemProxy */;
		};
		237F5B2C2D7EBE1200FD3215 /* PBXTargetDependency */ = {
			isa = PBXTargetDependency;
			target = 237F5B232D7EBE1200FD3215 /* DeviceActivityMonitor */;
			targetProxy = 237F5B2B2D7EBE1200FD3215 /* PBXContainerItemProxy */;
		};
/* End PBXTargetDependency section */

/* Begin XCBuildConfiguration section */
		2356893C2D881F8F00F0DA60 /* Debug */ = {
			isa = XCBuildConfiguration;
			buildSettings = {
				CODE_SIGN_ENTITLEMENTS = ShieldConfiguration/ShieldConfiguration.entitlements;
				CODE_SIGN_IDENTITY = "Apple Development";
				CODE_SIGN_STYLE = Automatic;
				CURRENT_PROJECT_VERSION = 1;
				DEVELOPMENT_TEAM = 6ZNFG9P6YH;
				GENERATE_INFOPLIST_FILE = YES;
				INFOPLIST_FILE = ShieldConfiguration/Info.plist;
				INFOPLIST_KEY_CFBundleDisplayName = ShieldConfiguration;
				INFOPLIST_KEY_NSHumanReadableCopyright = "";
				IPHONEOS_DEPLOYMENT_TARGET = 16.0;
				LD_RUNPATH_SEARCH_PATHS = (
					"$(inherited)",
					"@executable_path/Frameworks",
					"@executable_path/../../Frameworks",
				);
				MARKETING_VERSION = 1.2.0;
				PRODUCT_BUNDLE_IDENTIFIER = com.stargazers.star.ShieldConfiguration;
				PRODUCT_NAME = "$(TARGET_NAME)";
				SKIP_INSTALL = YES;
				SWIFT_EMIT_LOC_STRINGS = YES;
				SWIFT_VERSION = 5.0;
				TARGETED_DEVICE_FAMILY = "1,2";
			};
			name = Debug;
		};
		2356893D2D881F8F00F0DA60 /* Release */ = {
			isa = XCBuildConfiguration;
			buildSettings = {
				CODE_SIGN_ENTITLEMENTS = ShieldConfiguration/ShieldConfigurationRelease.entitlements;
				CODE_SIGN_IDENTITY = "Apple Development";
				CODE_SIGN_STYLE = Automatic;
				CURRENT_PROJECT_VERSION = 1;
				DEVELOPMENT_TEAM = 6ZNFG9P6YH;
				GENERATE_INFOPLIST_FILE = YES;
				INFOPLIST_FILE = ShieldConfiguration/Info.plist;
				INFOPLIST_KEY_CFBundleDisplayName = ShieldConfiguration;
				INFOPLIST_KEY_NSHumanReadableCopyright = "";
				IPHONEOS_DEPLOYMENT_TARGET = 16.0;
				LD_RUNPATH_SEARCH_PATHS = (
					"$(inherited)",
					"@executable_path/Frameworks",
					"@executable_path/../../Frameworks",
				);
				MARKETING_VERSION = 1.2.0;
				PRODUCT_BUNDLE_IDENTIFIER = com.stargazers.star.ShieldConfiguration;
				PRODUCT_NAME = "$(TARGET_NAME)";
				SKIP_INSTALL = YES;
				SWIFT_EMIT_LOC_STRINGS = YES;
				SWIFT_VERSION = 5.0;
				TARGETED_DEVICE_FAMILY = "1,2";
			};
			name = Release;
		};
		237F5B2F2D7EBE1200FD3215 /* Debug */ = {
			isa = XCBuildConfiguration;
			buildSettings = {
				CODE_SIGN_ENTITLEMENTS = DeviceActivityMonitor/DeviceActivityMonitor.entitlements;
				CODE_SIGN_IDENTITY = "Apple Development";
				CODE_SIGN_STYLE = Automatic;
				CURRENT_PROJECT_VERSION = 1;
				DEVELOPMENT_TEAM = 6ZNFG9P6YH;
				GENERATE_INFOPLIST_FILE = YES;
				INFOPLIST_FILE = DeviceActivityMonitor/Info.plist;
				INFOPLIST_KEY_CFBundleDisplayName = DeviceActivityMonitor;
				INFOPLIST_KEY_NSHumanReadableCopyright = "";
				IPHONEOS_DEPLOYMENT_TARGET = 16.0;
				LD_RUNPATH_SEARCH_PATHS = (
					"$(inherited)",
					"@executable_path/Frameworks",
					"@executable_path/../../Frameworks",
				);
				MARKETING_VERSION = 1.2.0;
				PRODUCT_BUNDLE_IDENTIFIER = com.stargazers.star.DeviceActivityMonitor;
				PRODUCT_NAME = "$(TARGET_NAME)";
				SKIP_INSTALL = YES;
				SWIFT_EMIT_LOC_STRINGS = YES;
				SWIFT_VERSION = 5.0;
				TARGETED_DEVICE_FAMILY = "1,2";
			};
			name = Debug;
		};
		237F5B302D7EBE1200FD3215 /* Release */ = {
			isa = XCBuildConfiguration;
			buildSettings = {
				CODE_SIGN_ENTITLEMENTS = DeviceActivityMonitor/DeviceActivityMonitorRelease.entitlements;
				CODE_SIGN_IDENTITY = "Apple Development";
				CODE_SIGN_STYLE = Automatic;
				CURRENT_PROJECT_VERSION = 1;
				DEVELOPMENT_TEAM = 6ZNFG9P6YH;
				GENERATE_INFOPLIST_FILE = YES;
				INFOPLIST_FILE = DeviceActivityMonitor/Info.plist;
				INFOPLIST_KEY_CFBundleDisplayName = DeviceActivityMonitor;
				INFOPLIST_KEY_NSHumanReadableCopyright = "";
				IPHONEOS_DEPLOYMENT_TARGET = 16.0;
				LD_RUNPATH_SEARCH_PATHS = (
					"$(inherited)",
					"@executable_path/Frameworks",
					"@executable_path/../../Frameworks",
				);
				MARKETING_VERSION = 1.2.0;
				PRODUCT_BUNDLE_IDENTIFIER = com.stargazers.star.DeviceActivityMonitor;
				PRODUCT_NAME = "$(TARGET_NAME)";
				PROVISIONING_PROFILE_SPECIFIER = "";
				SKIP_INSTALL = YES;
				SWIFT_EMIT_LOC_STRINGS = YES;
				SWIFT_VERSION = 5.0;
				TARGETED_DEVICE_FAMILY = "1,2";
			};
			name = Release;
		};
		71F41F092D3FC73500257988 /* Debug */ = {
			isa = XCBuildConfiguration;
			buildSettings = {
				ASSETCATALOG_COMPILER_APPICON_NAME = AppIcon;
				ASSETCATALOG_COMPILER_GLOBAL_ACCENT_COLOR_NAME = AccentColor;
				CODE_SIGN_ENTITLEMENTS = star/App/App.entitlements;
				CODE_SIGN_IDENTITY = "Apple Development";
				CODE_SIGN_STYLE = Automatic;
				CURRENT_PROJECT_VERSION = 1;
				DEVELOPMENT_TEAM = 6ZNFG9P6YH;
				GENERATE_INFOPLIST_FILE = YES;
				INFOPLIST_FILE = star/App/Info.plist;
				INFOPLIST_KEY_CFBundleDisplayName = STAR;
				INFOPLIST_KEY_LSApplicationCategoryType = "public.app-category.productivity";
				INFOPLIST_KEY_UIApplicationSupportsIndirectInputEvents = YES;
				INFOPLIST_KEY_UILaunchStoryboardName = LaunchScreen;
				INFOPLIST_KEY_UIStatusBarStyle = UIStatusBarStyleDarkContent;
				INFOPLIST_KEY_UISupportedInterfaceOrientations = UIInterfaceOrientationPortrait;
				IPHONEOS_DEPLOYMENT_TARGET = 16.0;
				LD_RUNPATH_SEARCH_PATHS = (
					"$(inherited)",
					"@executable_path/Frameworks",
				);
				MARKETING_VERSION = 1.2.0;
				PRODUCT_BUNDLE_IDENTIFIER = com.stargazers.star;
				PRODUCT_NAME = "$(TARGET_NAME)";
				PROVISIONING_PROFILE_SPECIFIER = "";
				SUPPORTED_PLATFORMS = "iphoneos iphonesimulator";
				SUPPORTS_MACCATALYST = NO;
				SUPPORTS_MAC_DESIGNED_FOR_IPHONE_IPAD = NO;
				SUPPORTS_XR_DESIGNED_FOR_IPHONE_IPAD = NO;
				SWIFT_EMIT_LOC_STRINGS = YES;
				SWIFT_VERSION = 5.0;
				TARGETED_DEVICE_FAMILY = 1;
			};
			name = Debug;
		};
		71F41F0A2D3FC73500257988 /* Release */ = {
			isa = XCBuildConfiguration;
			buildSettings = {
				ASSETCATALOG_COMPILER_APPICON_NAME = AppIcon;
				ASSETCATALOG_COMPILER_GLOBAL_ACCENT_COLOR_NAME = AccentColor;
				CODE_SIGN_ENTITLEMENTS = star/App/App.entitlements;
				CODE_SIGN_IDENTITY = "Apple Development";
				CODE_SIGN_STYLE = Automatic;
				CURRENT_PROJECT_VERSION = 1;
				DEVELOPMENT_TEAM = 6ZNFG9P6YH;
				GENERATE_INFOPLIST_FILE = YES;
				INFOPLIST_FILE = star/App/Info.plist;
				INFOPLIST_KEY_CFBundleDisplayName = STAR;
				INFOPLIST_KEY_LSApplicationCategoryType = "public.app-category.productivity";
				INFOPLIST_KEY_UIApplicationSupportsIndirectInputEvents = YES;
				INFOPLIST_KEY_UILaunchStoryboardName = LaunchScreen;
				INFOPLIST_KEY_UIStatusBarStyle = UIStatusBarStyleDarkContent;
				INFOPLIST_KEY_UISupportedInterfaceOrientations = UIInterfaceOrientationPortrait;
				IPHONEOS_DEPLOYMENT_TARGET = 16.0;
				LD_RUNPATH_SEARCH_PATHS = (
					"$(inherited)",
					"@executable_path/Frameworks",
				);
				MARKETING_VERSION = 1.2.0;
				PRODUCT_BUNDLE_IDENTIFIER = com.stargazers.star;
				PRODUCT_NAME = "$(TARGET_NAME)";
				PROVISIONING_PROFILE_SPECIFIER = "";
				SUPPORTED_PLATFORMS = "iphoneos iphonesimulator";
				SUPPORTS_MACCATALYST = NO;
				SUPPORTS_MAC_DESIGNED_FOR_IPHONE_IPAD = NO;
				SUPPORTS_XR_DESIGNED_FOR_IPHONE_IPAD = NO;
				SWIFT_EMIT_LOC_STRINGS = YES;
				SWIFT_VERSION = 5.0;
				TARGETED_DEVICE_FAMILY = 1;
			};
			name = Release;
		};
		71F41F0B2D3FC73500257988 /* Debug */ = {
			isa = XCBuildConfiguration;
			buildSettings = {
				ALWAYS_SEARCH_USER_PATHS = NO;
				ASSETCATALOG_COMPILER_GENERATE_SWIFT_ASSET_SYMBOL_EXTENSIONS = YES;
				CLANG_ANALYZER_LOCALIZABILITY_NONLOCALIZED = YES;
				CLANG_ANALYZER_NONNULL = YES;
				CLANG_ANALYZER_NUMBER_OBJECT_CONVERSION = YES_AGGRESSIVE;
				CLANG_CXX_LANGUAGE_STANDARD = "gnu++20";
				CLANG_ENABLE_MODULES = YES;
				CLANG_ENABLE_OBJC_ARC = YES;
				CLANG_ENABLE_OBJC_WEAK = YES;
				CLANG_WARN_BLOCK_CAPTURE_AUTORELEASING = YES;
				CLANG_WARN_BOOL_CONVERSION = YES;
				CLANG_WARN_COMMA = YES;
				CLANG_WARN_CONSTANT_CONVERSION = YES;
				CLANG_WARN_DEPRECATED_OBJC_IMPLEMENTATIONS = YES;
				CLANG_WARN_DIRECT_OBJC_ISA_USAGE = YES_ERROR;
				CLANG_WARN_DOCUMENTATION_COMMENTS = YES;
				CLANG_WARN_EMPTY_BODY = YES;
				CLANG_WARN_ENUM_CONVERSION = YES;
				CLANG_WARN_INFINITE_RECURSION = YES;
				CLANG_WARN_INT_CONVERSION = YES;
				CLANG_WARN_NON_LITERAL_NULL_CONVERSION = YES;
				CLANG_WARN_OBJC_IMPLICIT_RETAIN_SELF = YES;
				CLANG_WARN_OBJC_LITERAL_CONVERSION = YES;
				CLANG_WARN_OBJC_ROOT_CLASS = YES_ERROR;
				CLANG_WARN_QUOTED_INCLUDE_IN_FRAMEWORK_HEADER = YES;
				CLANG_WARN_RANGE_LOOP_ANALYSIS = YES;
				CLANG_WARN_STRICT_PROTOTYPES = YES;
				CLANG_WARN_SUSPICIOUS_MOVE = YES;
				CLANG_WARN_UNGUARDED_AVAILABILITY = YES_AGGRESSIVE;
				CLANG_WARN_UNREACHABLE_CODE = YES;
				CLANG_WARN__DUPLICATE_METHOD_MATCH = YES;
				COPY_PHASE_STRIP = NO;
				DEBUG_INFORMATION_FORMAT = dwarf;
				ENABLE_STRICT_OBJC_MSGSEND = YES;
				ENABLE_TESTABILITY = YES;
				ENABLE_USER_SCRIPT_SANDBOXING = YES;
				GCC_C_LANGUAGE_STANDARD = gnu17;
				GCC_DYNAMIC_NO_PIC = NO;
				GCC_NO_COMMON_BLOCKS = YES;
				GCC_OPTIMIZATION_LEVEL = 0;
				GCC_PREPROCESSOR_DEFINITIONS = (
					"DEBUG=1",
					"$(inherited)",
				);
				GCC_WARN_64_TO_32_BIT_CONVERSION = YES;
				GCC_WARN_ABOUT_RETURN_TYPE = YES_ERROR;
				GCC_WARN_UNDECLARED_SELECTOR = YES;
				GCC_WARN_UNINITIALIZED_AUTOS = YES_AGGRESSIVE;
				GCC_WARN_UNUSED_FUNCTION = YES;
				GCC_WARN_UNUSED_VARIABLE = YES;
				IPHONEOS_DEPLOYMENT_TARGET = 16.6;
				LOCALIZATION_PREFERS_STRING_CATALOGS = YES;
				MTL_ENABLE_DEBUG_INFO = INCLUDE_SOURCE;
				MTL_FAST_MATH = YES;
				ONLY_ACTIVE_ARCH = YES;
				SDKROOT = iphoneos;
				SWIFT_ACTIVE_COMPILATION_CONDITIONS = "DEBUG $(inherited)";
				SWIFT_OPTIMIZATION_LEVEL = "-Onone";
			};
			name = Debug;
		};
		71F41F0C2D3FC73500257988 /* Release */ = {
			isa = XCBuildConfiguration;
			buildSettings = {
				ALWAYS_SEARCH_USER_PATHS = NO;
				ASSETCATALOG_COMPILER_GENERATE_SWIFT_ASSET_SYMBOL_EXTENSIONS = YES;
				CLANG_ANALYZER_LOCALIZABILITY_NONLOCALIZED = YES;
				CLANG_ANALYZER_NONNULL = YES;
				CLANG_ANALYZER_NUMBER_OBJECT_CONVERSION = YES_AGGRESSIVE;
				CLANG_CXX_LANGUAGE_STANDARD = "gnu++20";
				CLANG_ENABLE_MODULES = YES;
				CLANG_ENABLE_OBJC_ARC = YES;
				CLANG_ENABLE_OBJC_WEAK = YES;
				CLANG_WARN_BLOCK_CAPTURE_AUTORELEASING = YES;
				CLANG_WARN_BOOL_CONVERSION = YES;
				CLANG_WARN_COMMA = YES;
				CLANG_WARN_CONSTANT_CONVERSION = YES;
				CLANG_WARN_DEPRECATED_OBJC_IMPLEMENTATIONS = YES;
				CLANG_WARN_DIRECT_OBJC_ISA_USAGE = YES_ERROR;
				CLANG_WARN_DOCUMENTATION_COMMENTS = YES;
				CLANG_WARN_EMPTY_BODY = YES;
				CLANG_WARN_ENUM_CONVERSION = YES;
				CLANG_WARN_INFINITE_RECURSION = YES;
				CLANG_WARN_INT_CONVERSION = YES;
				CLANG_WARN_NON_LITERAL_NULL_CONVERSION = YES;
				CLANG_WARN_OBJC_IMPLICIT_RETAIN_SELF = YES;
				CLANG_WARN_OBJC_LITERAL_CONVERSION = YES;
				CLANG_WARN_OBJC_ROOT_CLASS = YES_ERROR;
				CLANG_WARN_QUOTED_INCLUDE_IN_FRAMEWORK_HEADER = YES;
				CLANG_WARN_RANGE_LOOP_ANALYSIS = YES;
				CLANG_WARN_STRICT_PROTOTYPES = YES;
				CLANG_WARN_SUSPICIOUS_MOVE = YES;
				CLANG_WARN_UNGUARDED_AVAILABILITY = YES_AGGRESSIVE;
				CLANG_WARN_UNREACHABLE_CODE = YES;
				CLANG_WARN__DUPLICATE_METHOD_MATCH = YES;
				COPY_PHASE_STRIP = NO;
				DEBUG_INFORMATION_FORMAT = "dwarf-with-dsym";
				ENABLE_NS_ASSERTIONS = NO;
				ENABLE_STRICT_OBJC_MSGSEND = YES;
				ENABLE_USER_SCRIPT_SANDBOXING = YES;
				GCC_C_LANGUAGE_STANDARD = gnu17;
				GCC_NO_COMMON_BLOCKS = YES;
				GCC_WARN_64_TO_32_BIT_CONVERSION = YES;
				GCC_WARN_ABOUT_RETURN_TYPE = YES_ERROR;
				GCC_WARN_UNDECLARED_SELECTOR = YES;
				GCC_WARN_UNINITIALIZED_AUTOS = YES_AGGRESSIVE;
				GCC_WARN_UNUSED_FUNCTION = YES;
				GCC_WARN_UNUSED_VARIABLE = YES;
				IPHONEOS_DEPLOYMENT_TARGET = 16.6;
				LOCALIZATION_PREFERS_STRING_CATALOGS = YES;
				MTL_ENABLE_DEBUG_INFO = NO;
				MTL_FAST_MATH = YES;
				SDKROOT = iphoneos;
				SWIFT_COMPILATION_MODE = wholemodule;
				VALIDATE_PRODUCT = YES;
			};
			name = Release;
		};
/* End XCBuildConfiguration section */

/* Begin XCConfigurationList section */
		2356893B2D881F8F00F0DA60 /* Build configuration list for PBXNativeTarget "ShieldConfiguration" */ = {
			isa = XCConfigurationList;
			buildConfigurations = (
				2356893C2D881F8F00F0DA60 /* Debug */,
				2356893D2D881F8F00F0DA60 /* Release */,
			);
			defaultConfigurationIsVisible = 0;
			defaultConfigurationName = Release;
		};
		237F5B2E2D7EBE1200FD3215 /* Build configuration list for PBXNativeTarget "DeviceActivityMonitor" */ = {
			isa = XCConfigurationList;
			buildConfigurations = (
				237F5B2F2D7EBE1200FD3215 /* Debug */,
				237F5B302D7EBE1200FD3215 /* Release */,
			);
			defaultConfigurationIsVisible = 0;
			defaultConfigurationName = Release;
		};
		71F41ED72D3FC73300257988 /* Build configuration list for PBXProject "star" */ = {
			isa = XCConfigurationList;
			buildConfigurations = (
				71F41F0B2D3FC73500257988 /* Debug */,
				71F41F0C2D3FC73500257988 /* Release */,
			);
			defaultConfigurationIsVisible = 0;
			defaultConfigurationName = Release;
		};
		71F41F082D3FC73500257988 /* Build configuration list for PBXNativeTarget "star" */ = {
			isa = XCConfigurationList;
			buildConfigurations = (
				71F41F092D3FC73500257988 /* Debug */,
				71F41F0A2D3FC73500257988 /* Release */,
			);
			defaultConfigurationIsVisible = 0;
			defaultConfigurationName = Release;
		};
/* End XCConfigurationList section */

/* Begin XCRemoteSwiftPackageReference section */
		23CC31AA2D40B3480026CF54 /* XCRemoteSwiftPackageReference "Then" */ = {
			isa = XCRemoteSwiftPackageReference;
			repositoryURL = "https://github.com/devxoul/Then.git";
			requirement = {
				kind = upToNextMajorVersion;
				minimumVersion = 3.0.0;
			};
		};
		23CC31AD2D40B3570026CF54 /* XCRemoteSwiftPackageReference "SnapKit" */ = {
			isa = XCRemoteSwiftPackageReference;
			repositoryURL = "https://github.com/SnapKit/SnapKit.git";
			requirement = {
				kind = upToNextMajorVersion;
				minimumVersion = 5.7.1;
			};
		};
		23CF7FED2D45DE110019D597 /* XCRemoteSwiftPackageReference "RxSwift" */ = {
			isa = XCRemoteSwiftPackageReference;
			repositoryURL = "https://github.com/ReactiveX/RxSwift.git";
			requirement = {
				kind = upToNextMajorVersion;
				minimumVersion = 6.8.0;
			};
		};
/* End XCRemoteSwiftPackageReference section */

/* Begin XCSwiftPackageProductDependency section */
		23CC31AB2D40B3480026CF54 /* Then */ = {
			isa = XCSwiftPackageProductDependency;
			package = 23CC31AA2D40B3480026CF54 /* XCRemoteSwiftPackageReference "Then" */;
			productName = Then;
		};
		23CC31AE2D40B3570026CF54 /* SnapKit */ = {
			isa = XCSwiftPackageProductDependency;
			package = 23CC31AD2D40B3570026CF54 /* XCRemoteSwiftPackageReference "SnapKit" */;
			productName = SnapKit;
		};
		23CF7FEE2D45DE110019D597 /* RxCocoa */ = {
			isa = XCSwiftPackageProductDependency;
			package = 23CF7FED2D45DE110019D597 /* XCRemoteSwiftPackageReference "RxSwift" */;
			productName = RxCocoa;
		};
		23CF7FF02D45DE110019D597 /* RxRelay */ = {
			isa = XCSwiftPackageProductDependency;
			package = 23CF7FED2D45DE110019D597 /* XCRemoteSwiftPackageReference "RxSwift" */;
			productName = RxRelay;
		};
		23CF7FF22D45DE110019D597 /* RxSwift */ = {
			isa = XCSwiftPackageProductDependency;
			package = 23CF7FED2D45DE110019D597 /* XCRemoteSwiftPackageReference "RxSwift" */;
			productName = RxSwift;
		};
/* End XCSwiftPackageProductDependency section */
	};
	rootObject = 71F41ED42D3FC73300257988 /* Project object */;
}
