// !$*UTF8*$!
{
	archiveVersion = 1;
	classes = {
	};
	objectVersion = 77;
	objects = {

/* Begin PBXBuildFile section */
		233BA1622D53923400C4EF1B /* DeviceActivity.framework in Frameworks */ = {isa = PBXBuildFile; fileRef = 233BA1612D53923300C4EF1B /* DeviceActivity.framework */; };
		233BA16A2D53923400C4EF1B /* DeviceActivityMonitor.appex in Embed Foundation Extensions */ = {isa = PBXBuildFile; fileRef = 233BA15F2D53923300C4EF1B /* DeviceActivityMonitor.appex */; settings = {ATTRIBUTES = (RemoveHeadersOnCopy, ); }; };
		23CC31AC2D40B3480026CF54 /* Then in Frameworks */ = {isa = PBXBuildFile; productRef = 23CC31AB2D40B3480026CF54 /* Then */; };
		23CC31AF2D40B3570026CF54 /* SnapKit in Frameworks */ = {isa = PBXBuildFile; productRef = 23CC31AE2D40B3570026CF54 /* SnapKit */; };
		23CF7FEF2D45DE110019D597 /* RxCocoa in Frameworks */ = {isa = PBXBuildFile; productRef = 23CF7FEE2D45DE110019D597 /* RxCocoa */; };
		23CF7FF12D45DE110019D597 /* RxRelay in Frameworks */ = {isa = PBXBuildFile; productRef = 23CF7FF02D45DE110019D597 /* RxRelay */; };
		23CF7FF32D45DE110019D597 /* RxSwift in Frameworks */ = {isa = PBXBuildFile; productRef = 23CF7FF22D45DE110019D597 /* RxSwift */; };
		23CF7FF62D45DFDC0019D597 /* RxKeyboard in Frameworks */ = {isa = PBXBuildFile; productRef = 23CF7FF52D45DFDC0019D597 /* RxKeyboard */; };
		718A8A092D4CB9CA00E28658 /* ManagedSettings.framework in Frameworks */ = {isa = PBXBuildFile; fileRef = 71B614552D4C5AAB00C45674 /* ManagedSettings.framework */; };
		718A8A0A2D4CB9CA00E28658 /* ManagedSettingsUI.framework in Frameworks */ = {isa = PBXBuildFile; fileRef = 71B614572D4C5AAF00C45674 /* ManagedSettingsUI.framework */; };
		718A8A122D4CB9CA00E28658 /* ShieldConfiguration.appex in Embed Foundation Extensions */ = {isa = PBXBuildFile; fileRef = 718A8A082D4CB9CA00E28658 /* ShieldConfiguration.appex */; settings = {ATTRIBUTES = (RemoveHeadersOnCopy, ); }; };
		718A8B0C2D4CBF9A00E28658 /* ManagedSettings.framework in Frameworks */ = {isa = PBXBuildFile; fileRef = 71B614552D4C5AAB00C45674 /* ManagedSettings.framework */; };
		718A8B142D4CBF9A00E28658 /* ShieldAction.appex in Embed Foundation Extensions */ = {isa = PBXBuildFile; fileRef = 718A8B0B2D4CBF9A00E28658 /* ShieldAction.appex */; settings = {ATTRIBUTES = (RemoveHeadersOnCopy, ); }; };
		718A8B1E2D4CC03C00E28658 /* DeviceActivity.framework in Frameworks */ = {isa = PBXBuildFile; fileRef = 71B614532D4C5AA200C45674 /* DeviceActivity.framework */; };
		718A8B262D4CC03C00E28658 /* DeviceActivityMonitor.appex in Embed Foundation Extensions */ = {isa = PBXBuildFile; fileRef = 718A8B1D2D4CC03C00E28658 /* DeviceActivityMonitor.appex */; settings = {ATTRIBUTES = (RemoveHeadersOnCopy, ); }; };
		718A8B2E2D4CC15D00E28658 /* RxSwift in Frameworks */ = {isa = PBXBuildFile; productRef = 718A8B2D2D4CC15D00E28658 /* RxSwift */; };
/* End PBXBuildFile section */

/* Begin PBXContainerItemProxy section */
		718A8A102D4CB9CA00E28658 /* PBXContainerItemProxy */ = {
			isa = PBXContainerItemProxy;
			containerPortal = 71F41ED42D3FC73300257988 /* Project object */;
			proxyType = 1;
			remoteGlobalIDString = 718A8A072D4CB9CA00E28658;
			remoteInfo = ShieldConfiguration;
		};
		718A8B122D4CBF9A00E28658 /* PBXContainerItemProxy */ = {
			isa = PBXContainerItemProxy;
			containerPortal = 71F41ED42D3FC73300257988 /* Project object */;
			proxyType = 1;
			remoteGlobalIDString = 718A8B0A2D4CBF9A00E28658;
			remoteInfo = ShieldAction;
		};
		718A8B242D4CC03C00E28658 /* PBXContainerItemProxy */ = {
			isa = PBXContainerItemProxy;
			containerPortal = 71F41ED42D3FC73300257988 /* Project object */;
			proxyType = 1;
			remoteGlobalIDString = 718A8B1C2D4CC03C00E28658;
			remoteInfo = DeviceActivityMonitor;
		};
/* End PBXContainerItemProxy section */

/* Begin PBXCopyFilesBuildPhase section */
		71B6146B2D4C5BDF00C45674 /* Embed Foundation Extensions */ = {
			isa = PBXCopyFilesBuildPhase;
			buildActionMask = 2147483647;
			dstPath = "";
			dstSubfolderSpec = 13;
			files = (
				718A8B142D4CBF9A00E28658 /* ShieldAction.appex in Embed Foundation Extensions */,
				718A8A122D4CB9CA00E28658 /* ShieldConfiguration.appex in Embed Foundation Extensions */,
				718A8B262D4CC03C00E28658 /* DeviceActivityMonitor.appex in Embed Foundation Extensions */,
			);
			name = "Embed Foundation Extensions";
			runOnlyForDeploymentPostprocessing = 0;
		};
/* End PBXCopyFilesBuildPhase section */

/* Begin PBXFileReference section */
		718A8A082D4CB9CA00E28658 /* ShieldConfiguration.appex */ = {isa = PBXFileReference; explicitFileType = "wrapper.app-extension"; includeInIndex = 0; path = ShieldConfiguration.appex; sourceTree = BUILT_PRODUCTS_DIR; };
		718A8B0B2D4CBF9A00E28658 /* ShieldAction.appex */ = {isa = PBXFileReference; explicitFileType = "wrapper.app-extension"; includeInIndex = 0; path = ShieldAction.appex; sourceTree = BUILT_PRODUCTS_DIR; };
		718A8B1D2D4CC03C00E28658 /* DeviceActivityMonitor.appex */ = {isa = PBXFileReference; explicitFileType = "wrapper.app-extension"; includeInIndex = 0; path = DeviceActivityMonitor.appex; sourceTree = BUILT_PRODUCTS_DIR; };
		71B614532D4C5AA200C45674 /* DeviceActivity.framework */ = {isa = PBXFileReference; lastKnownFileType = wrapper.framework; name = DeviceActivity.framework; path = System/Library/Frameworks/DeviceActivity.framework; sourceTree = SDKROOT; };
		71B614552D4C5AAB00C45674 /* ManagedSettings.framework */ = {isa = PBXFileReference; lastKnownFileType = wrapper.framework; name = ManagedSettings.framework; path = System/Library/Frameworks/ManagedSettings.framework; sourceTree = SDKROOT; };
		71B614572D4C5AAF00C45674 /* ManagedSettingsUI.framework */ = {isa = PBXFileReference; lastKnownFileType = wrapper.framework; name = ManagedSettingsUI.framework; path = System/Library/Frameworks/ManagedSettingsUI.framework; sourceTree = SDKROOT; };
		71F41EDC2D3FC73300257988 /* star.app */ = {isa = PBXFileReference; explicitFileType = wrapper.application; includeInIndex = 0; path = star.app; sourceTree = BUILT_PRODUCTS_DIR; };
/* End PBXFileReference section */

/* Begin PBXFileSystemSynchronizedBuildFileExceptionSet section */
		718A8A162D4CB9CA00E28658 /* Exceptions for "ShieldConfiguration" folder in "ShieldConfiguration" target */ = {
			isa = PBXFileSystemSynchronizedBuildFileExceptionSet;
			membershipExceptions = (
				Info.plist,
			);
			target = 718A8A072D4CB9CA00E28658 /* ShieldConfiguration */;
		};
		718A8A182D4CBA8400E28658 /* Exceptions for "star" folder in "ShieldConfiguration" target */ = {
			isa = PBXFileSystemSynchronizedBuildFileExceptionSet;
			membershipExceptions = (
				Resource/Colors.xcassets,
			);
			target = 718A8A072D4CB9CA00E28658 /* ShieldConfiguration */;
		};
		718A8B182D4CBF9A00E28658 /* Exceptions for "ShieldAction" folder in "ShieldAction" target */ = {
			isa = PBXFileSystemSynchronizedBuildFileExceptionSet;
			membershipExceptions = (
				Info.plist,
			);
			target = 718A8B0A2D4CBF9A00E28658 /* ShieldAction */;
		};
		718A8B2A2D4CC03C00E28658 /* Exceptions for "DeviceActivityMonitor" folder in "DeviceActivityMonitor" target */ = {
			isa = PBXFileSystemSynchronizedBuildFileExceptionSet;
			membershipExceptions = (
				Info.plist,
			);
			target = 718A8B1C2D4CC03C00E28658 /* DeviceActivityMonitor */;
		};
		718A8B2C2D4CC14200E28658 /* Exceptions for "star" folder in "DeviceActivityMonitor" target */ = {
			isa = PBXFileSystemSynchronizedBuildFileExceptionSet;
			membershipExceptions = (
				App/star.xcdatamodeld,
			);
			target = 718A8B1C2D4CC03C00E28658 /* DeviceActivityMonitor */;
		};
		71F41F072D3FC73500257988 /* Exceptions for "star" folder in "star" target */ = {
			isa = PBXFileSystemSynchronizedBuildFileExceptionSet;
			membershipExceptions = (
				App/Info.plist,
			);
			target = 71F41EDB2D3FC73300257988 /* star */;
		};
/* End PBXFileSystemSynchronizedBuildFileExceptionSet section */

/* Begin PBXFileSystemSynchronizedRootGroup section */
		718A8A0B2D4CB9CA00E28658 /* ShieldConfiguration */ = {
			isa = PBXFileSystemSynchronizedRootGroup;
			exceptions = (
				718A8A162D4CB9CA00E28658 /* Exceptions for "ShieldConfiguration" folder in "ShieldConfiguration" target */,
			);
			path = ShieldConfiguration;
			sourceTree = "<group>";
		};
		718A8B0D2D4CBF9A00E28658 /* ShieldAction */ = {
			isa = PBXFileSystemSynchronizedRootGroup;
			exceptions = (
				718A8B182D4CBF9A00E28658 /* Exceptions for "ShieldAction" folder in "ShieldAction" target */,
			);
			path = ShieldAction;
			sourceTree = "<group>";
		};
		718A8B1F2D4CC03C00E28658 /* DeviceActivityMonitor */ = {
			isa = PBXFileSystemSynchronizedRootGroup;
			exceptions = (
				718A8B2A2D4CC03C00E28658 /* Exceptions for "DeviceActivityMonitor" folder in "DeviceActivityMonitor" target */,
			);
			path = DeviceActivityMonitor;
			sourceTree = "<group>";
		};
		71F41EDE2D3FC73300257988 /* star */ = {
			isa = PBXFileSystemSynchronizedRootGroup;
			exceptions = (
				71F41F072D3FC73500257988 /* Exceptions for "star" folder in "star" target */,
				718A8B2C2D4CC14200E28658 /* Exceptions for "star" folder in "DeviceActivityMonitor" target */,
				718A8A182D4CBA8400E28658 /* Exceptions for "star" folder in "ShieldConfiguration" target */,
			);
			path = star;
			sourceTree = "<group>";
		};
/* End PBXFileSystemSynchronizedRootGroup section */

/* Begin PBXFrameworksBuildPhase section */
		718A8A052D4CB9CA00E28658 /* Frameworks */ = {
			isa = PBXFrameworksBuildPhase;
			buildActionMask = 2147483647;
			files = (
				718A8A092D4CB9CA00E28658 /* ManagedSettings.framework in Frameworks */,
				718A8A0A2D4CB9CA00E28658 /* ManagedSettingsUI.framework in Frameworks */,
			);
			runOnlyForDeploymentPostprocessing = 0;
		};
		718A8B082D4CBF9A00E28658 /* Frameworks */ = {
			isa = PBXFrameworksBuildPhase;
			buildActionMask = 2147483647;
			files = (
				718A8B0C2D4CBF9A00E28658 /* ManagedSettings.framework in Frameworks */,
			);
			runOnlyForDeploymentPostprocessing = 0;
		};
		718A8B1A2D4CC03C00E28658 /* Frameworks */ = {
			isa = PBXFrameworksBuildPhase;
			buildActionMask = 2147483647;
			files = (
				718A8B2E2D4CC15D00E28658 /* RxSwift in Frameworks */,
				718A8B1E2D4CC03C00E28658 /* DeviceActivity.framework in Frameworks */,
			);
			runOnlyForDeploymentPostprocessing = 0;
		};
		71F41ED92D3FC73300257988 /* Frameworks */ = {
			isa = PBXFrameworksBuildPhase;
			buildActionMask = 2147483647;
			files = (
				23CF7FEF2D45DE110019D597 /* RxCocoa in Frameworks */,
				23CF7FF62D45DFDC0019D597 /* RxKeyboard in Frameworks */,
				23CC31AC2D40B3480026CF54 /* Then in Frameworks */,
				23CF7FF32D45DE110019D597 /* RxSwift in Frameworks */,
				23CF7FF12D45DE110019D597 /* RxRelay in Frameworks */,
				23CC31AF2D40B3570026CF54 /* SnapKit in Frameworks */,
			);
			runOnlyForDeploymentPostprocessing = 0;
		};
/* End PBXFrameworksBuildPhase section */

/* Begin PBXGroup section */
		71B614522D4C5AA200C45674 /* Frameworks */ = {
			isa = PBXGroup;
			children = (
				71B614572D4C5AAF00C45674 /* ManagedSettingsUI.framework */,
				71B614552D4C5AAB00C45674 /* ManagedSettings.framework */,
				71B614532D4C5AA200C45674 /* DeviceActivity.framework */,
			);
			name = Frameworks;
			sourceTree = "<group>";
		};
		71F41ED32D3FC73300257988 = {
			isa = PBXGroup;
			children = (
				71F41EDE2D3FC73300257988 /* star */,
				718A8A0B2D4CB9CA00E28658 /* ShieldConfiguration */,
				718A8B0D2D4CBF9A00E28658 /* ShieldAction */,
				718A8B1F2D4CC03C00E28658 /* DeviceActivityMonitor */,
				71B614522D4C5AA200C45674 /* Frameworks */,
				71F41EDD2D3FC73300257988 /* Products */,
			);
			sourceTree = "<group>";
		};
		71F41EDD2D3FC73300257988 /* Products */ = {
			isa = PBXGroup;
			children = (
				71F41EDC2D3FC73300257988 /* star.app */,
				718A8A082D4CB9CA00E28658 /* ShieldConfiguration.appex */,
				718A8B0B2D4CBF9A00E28658 /* ShieldAction.appex */,
				718A8B1D2D4CC03C00E28658 /* DeviceActivityMonitor.appex */,
			);
			name = Products;
			sourceTree = "<group>";
		};
/* End PBXGroup section */

/* Begin PBXNativeTarget section */
		718A8A072D4CB9CA00E28658 /* ShieldConfiguration */ = {
			isa = PBXNativeTarget;
			buildConfigurationList = 718A8A132D4CB9CA00E28658 /* Build configuration list for PBXNativeTarget "ShieldConfiguration" */;
			buildPhases = (
				718A8A042D4CB9CA00E28658 /* Sources */,
				718A8A052D4CB9CA00E28658 /* Frameworks */,
				718A8A062D4CB9CA00E28658 /* Resources */,
			);
			buildRules = (
			);
			dependencies = (
				233BA1692D53923400C4EF1B /* PBXTargetDependency */,
			);
			fileSystemSynchronizedGroups = (
				718A8A0B2D4CB9CA00E28658 /* ShieldConfiguration */,
			);
			name = ShieldConfiguration;
			packageProductDependencies = (
			);
			productName = ShieldConfiguration;
			productReference = 718A8A082D4CB9CA00E28658 /* ShieldConfiguration.appex */;
			productType = "com.apple.product-type.app-extension";
		};
		718A8B0A2D4CBF9A00E28658 /* ShieldAction */ = {
			isa = PBXNativeTarget;
			buildConfigurationList = 718A8B152D4CBF9A00E28658 /* Build configuration list for PBXNativeTarget "ShieldAction" */;
			buildPhases = (
				718A8B072D4CBF9A00E28658 /* Sources */,
				718A8B082D4CBF9A00E28658 /* Frameworks */,
				718A8B092D4CBF9A00E28658 /* Resources */,
			);
			buildRules = (
			);
			dependencies = (
			);
			fileSystemSynchronizedGroups = (
				718A8B0D2D4CBF9A00E28658 /* ShieldAction */,
			);
			name = ShieldAction;
			packageProductDependencies = (
			);
			productName = ShieldAction;
			productReference = 718A8B0B2D4CBF9A00E28658 /* ShieldAction.appex */;
			productType = "com.apple.product-type.app-extension";
		};
		718A8B1C2D4CC03C00E28658 /* DeviceActivityMonitor */ = {
			isa = PBXNativeTarget;
			buildConfigurationList = 718A8B272D4CC03C00E28658 /* Build configuration list for PBXNativeTarget "DeviceActivityMonitor" */;
			buildPhases = (
				718A8B192D4CC03C00E28658 /* Sources */,
				718A8B1A2D4CC03C00E28658 /* Frameworks */,
				718A8B1B2D4CC03C00E28658 /* Resources */,
			);
			buildRules = (
			);
			dependencies = (
			);
			fileSystemSynchronizedGroups = (
				718A8B1F2D4CC03C00E28658 /* DeviceActivityMonitor */,
			);
			name = DeviceActivityMonitor;
			packageProductDependencies = (
				718A8B2D2D4CC15D00E28658 /* RxSwift */,
			);
			productName = DeviceActivityMonitor;
			productReference = 718A8B1D2D4CC03C00E28658 /* DeviceActivityMonitor.appex */;
			productType = "com.apple.product-type.app-extension";
		};
		71F41EDB2D3FC73300257988 /* star */ = {
			isa = PBXNativeTarget;
			buildConfigurationList = 71F41F082D3FC73500257988 /* Build configuration list for PBXNativeTarget "star" */;
			buildPhases = (
				71F41ED82D3FC73300257988 /* Sources */,
				71F41ED92D3FC73300257988 /* Frameworks */,
				71F41EDA2D3FC73300257988 /* Resources */,
				71B6146B2D4C5BDF00C45674 /* Embed Foundation Extensions */,
			);
			buildRules = (
			);
			dependencies = (
				718A8A112D4CB9CA00E28658 /* PBXTargetDependency */,
				718A8B132D4CBF9A00E28658 /* PBXTargetDependency */,
				718A8B252D4CC03C00E28658 /* PBXTargetDependency */,
			);
			fileSystemSynchronizedGroups = (
				71F41EDE2D3FC73300257988 /* star */,
			);
			name = star;
			packageProductDependencies = (
				23CC31AB2D40B3480026CF54 /* Then */,
				23CC31AE2D40B3570026CF54 /* SnapKit */,
				23CF7FEE2D45DE110019D597 /* RxCocoa */,
				23CF7FF02D45DE110019D597 /* RxRelay */,
				23CF7FF22D45DE110019D597 /* RxSwift */,
				23CF7FF52D45DFDC0019D597 /* RxKeyboard */,
			);
			productName = star;
			productReference = 71F41EDC2D3FC73300257988 /* star.app */;
			productType = "com.apple.product-type.application";
		};
/* End PBXNativeTarget section */

/* Begin PBXProject section */
		71F41ED42D3FC73300257988 /* Project object */ = {
			isa = PBXProject;
			attributes = {
				BuildIndependentTargetsInParallel = 1;
				LastSwiftUpdateCheck = 1620;
				LastUpgradeCheck = 1610;
				TargetAttributes = {
					718A8A072D4CB9CA00E28658 = {
						CreatedOnToolsVersion = 16.1;
					};
					718A8B0A2D4CBF9A00E28658 = {
						CreatedOnToolsVersion = 16.1;
					};
					718A8B1C2D4CC03C00E28658 = {
						CreatedOnToolsVersion = 16.1;
					};
					71F41EDB2D3FC73300257988 = {
						CreatedOnToolsVersion = 16.1;
					};
				};
			};
			buildConfigurationList = 71F41ED72D3FC73300257988 /* Build configuration list for PBXProject "star" */;
			developmentRegion = en;
			hasScannedForEncodings = 0;
			knownRegions = (
				en,
				Base,
			);
			mainGroup = 71F41ED32D3FC73300257988;
			minimizedProjectReferenceProxies = 1;
			packageReferences = (
				23CC31AA2D40B3480026CF54 /* XCRemoteSwiftPackageReference "Then" */,
				23CC31AD2D40B3570026CF54 /* XCRemoteSwiftPackageReference "SnapKit" */,
				23CF7FED2D45DE110019D597 /* XCRemoteSwiftPackageReference "RxSwift" */,
				23CF7FF42D45DFDC0019D597 /* XCRemoteSwiftPackageReference "RxKeyboard" */,
			);
			preferredProjectObjectVersion = 77;
			productRefGroup = 71F41EDD2D3FC73300257988 /* Products */;
			projectDirPath = "";
			projectRoot = "";
			targets = (
				71F41EDB2D3FC73300257988 /* star */,
				718A8B1C2D4CC03C00E28658 /* DeviceActivityMonitor */,
				718A8A072D4CB9CA00E28658 /* ShieldConfiguration */,
				718A8B0A2D4CBF9A00E28658 /* ShieldAction */,
			);
		};
/* End PBXProject section */

/* Begin PBXResourcesBuildPhase section */
		718A8A062D4CB9CA00E28658 /* Resources */ = {
			isa = PBXResourcesBuildPhase;
			buildActionMask = 2147483647;
			files = (
			);
			runOnlyForDeploymentPostprocessing = 0;
		};
		718A8B092D4CBF9A00E28658 /* Resources */ = {
			isa = PBXResourcesBuildPhase;
			buildActionMask = 2147483647;
			files = (
			);
			runOnlyForDeploymentPostprocessing = 0;
		};
		718A8B1B2D4CC03C00E28658 /* Resources */ = {
			isa = PBXResourcesBuildPhase;
			buildActionMask = 2147483647;
			files = (
			);
			runOnlyForDeploymentPostprocessing = 0;
		};
		71F41EDA2D3FC73300257988 /* Resources */ = {
			isa = PBXResourcesBuildPhase;
			buildActionMask = 2147483647;
			files = (
			);
			runOnlyForDeploymentPostprocessing = 0;
		};
/* End PBXResourcesBuildPhase section */

/* Begin PBXSourcesBuildPhase section */
		718A8A042D4CB9CA00E28658 /* Sources */ = {
			isa = PBXSourcesBuildPhase;
			buildActionMask = 2147483647;
			files = (
			);
			runOnlyForDeploymentPostprocessing = 0;
		};
		718A8B072D4CBF9A00E28658 /* Sources */ = {
			isa = PBXSourcesBuildPhase;
			buildActionMask = 2147483647;
			files = (
			);
			runOnlyForDeploymentPostprocessing = 0;
		};
		718A8B192D4CC03C00E28658 /* Sources */ = {
			isa = PBXSourcesBuildPhase;
			buildActionMask = 2147483647;
			files = (
			);
			runOnlyForDeploymentPostprocessing = 0;
		};
		71F41ED82D3FC73300257988 /* Sources */ = {
			isa = PBXSourcesBuildPhase;
			buildActionMask = 2147483647;
			files = (
			);
			runOnlyForDeploymentPostprocessing = 0;
		};
/* End PBXSourcesBuildPhase section */

/* Begin PBXTargetDependency section */
		718A8A112D4CB9CA00E28658 /* PBXTargetDependency */ = {
			isa = PBXTargetDependency;
			target = 718A8A072D4CB9CA00E28658 /* ShieldConfiguration */;
			targetProxy = 718A8A102D4CB9CA00E28658 /* PBXContainerItemProxy */;
		};
		718A8B132D4CBF9A00E28658 /* PBXTargetDependency */ = {
			isa = PBXTargetDependency;
			target = 718A8B0A2D4CBF9A00E28658 /* ShieldAction */;
			targetProxy = 718A8B122D4CBF9A00E28658 /* PBXContainerItemProxy */;
		};
		718A8B252D4CC03C00E28658 /* PBXTargetDependency */ = {
			isa = PBXTargetDependency;
			target = 718A8B1C2D4CC03C00E28658 /* DeviceActivityMonitor */;
			targetProxy = 718A8B242D4CC03C00E28658 /* PBXContainerItemProxy */;
		};
/* End PBXTargetDependency section */

/* Begin XCBuildConfiguration section */
		718A8A142D4CB9CA00E28658 /* Debug */ = {
			isa = XCBuildConfiguration;
			buildSettings = {
				CODE_SIGN_ENTITLEMENTS = ShieldConfiguration/ShieldConfiguration.entitlements;
				CODE_SIGN_IDENTITY = "Apple Development";
				CODE_SIGN_STYLE = Automatic;
				CURRENT_PROJECT_VERSION = 1;
				DEVELOPMENT_TEAM = 6ZNFG9P6YH;
				GENERATE_INFOPLIST_FILE = YES;
				INFOPLIST_FILE = ShieldConfiguration/Info.plist;
				INFOPLIST_KEY_CFBundleDisplayName = ShieldConfiguration;
				INFOPLIST_KEY_NSHumanReadableCopyright = "";
				IPHONEOS_DEPLOYMENT_TARGET = 18.1;
				LD_RUNPATH_SEARCH_PATHS = (
					"$(inherited)",
					"@executable_path/Frameworks",
					"@executable_path/../../Frameworks",
				);
				MARKETING_VERSION = 1.0;
				PRODUCT_BUNDLE_IDENTIFIER = com.stargazers.star.ShieldConfiguration;
				PRODUCT_NAME = "$(TARGET_NAME)";
				PROVISIONING_PROFILE_SPECIFIER = "";
				SKIP_INSTALL = YES;
				SWIFT_EMIT_LOC_STRINGS = YES;
				SWIFT_VERSION = 5.0;
				TARGETED_DEVICE_FAMILY = "1,2";
			};
			name = Debug;
		};
		718A8A152D4CB9CA00E28658 /* Release */ = {
			isa = XCBuildConfiguration;
			buildSettings = {
				CODE_SIGN_ENTITLEMENTS = ShieldConfiguration/ShieldConfiguration.entitlements;
				CODE_SIGN_IDENTITY = "Apple Development";
				CODE_SIGN_STYLE = Automatic;
				CURRENT_PROJECT_VERSION = 1;
				DEVELOPMENT_TEAM = 6ZNFG9P6YH;
				GENERATE_INFOPLIST_FILE = YES;
				INFOPLIST_FILE = ShieldConfiguration/Info.plist;
				INFOPLIST_KEY_CFBundleDisplayName = ShieldConfiguration;
				INFOPLIST_KEY_NSHumanReadableCopyright = "";
				IPHONEOS_DEPLOYMENT_TARGET = 18.1;
				LD_RUNPATH_SEARCH_PATHS = (
					"$(inherited)",
					"@executable_path/Frameworks",
					"@executable_path/../../Frameworks",
				);
				MARKETING_VERSION = 1.0;
				PRODUCT_BUNDLE_IDENTIFIER = com.stargazers.star.ShieldConfiguration;
				PRODUCT_NAME = "$(TARGET_NAME)";
				PROVISIONING_PROFILE_SPECIFIER = "";
				SKIP_INSTALL = YES;
				SWIFT_EMIT_LOC_STRINGS = YES;
				SWIFT_VERSION = 5.0;
				TARGETED_DEVICE_FAMILY = "1,2";
			};
			name = Release;
		};
		718A8B162D4CBF9A00E28658 /* Debug */ = {
			isa = XCBuildConfiguration;
			buildSettings = {
				CODE_SIGN_ENTITLEMENTS = ShieldAction/ShieldAction.entitlements;
				CODE_SIGN_IDENTITY = "Apple Development";
				"CODE_SIGN_IDENTITY[sdk=iphoneos*]" = "iPhone Developer";
				CODE_SIGN_STYLE = Automatic;
				CURRENT_PROJECT_VERSION = 1;
				DEVELOPMENT_TEAM = 6ZNFG9P6YH;
				GENERATE_INFOPLIST_FILE = YES;
				INFOPLIST_FILE = ShieldAction/Info.plist;
				INFOPLIST_KEY_CFBundleDisplayName = ShieldAction;
				INFOPLIST_KEY_NSHumanReadableCopyright = "";
				IPHONEOS_DEPLOYMENT_TARGET = 18.1;
				LD_RUNPATH_SEARCH_PATHS = (
					"$(inherited)",
					"@executable_path/Frameworks",
					"@executable_path/../../Frameworks",
				);
				MARKETING_VERSION = 1.0;
				PRODUCT_BUNDLE_IDENTIFIER = com.stargazers.star.ShieldAction;
				PRODUCT_NAME = "$(TARGET_NAME)";
				SKIP_INSTALL = YES;
				SWIFT_EMIT_LOC_STRINGS = YES;
				SWIFT_VERSION = 5.0;
				TARGETED_DEVICE_FAMILY = "1,2";
			};
			name = Debug;
		};
		718A8B172D4CBF9A00E28658 /* Release */ = {
			isa = XCBuildConfiguration;
			buildSettings = {
				CODE_SIGN_ENTITLEMENTS = ShieldAction/ShieldAction.entitlements;
				CODE_SIGN_IDENTITY = "Apple Development";
				CODE_SIGN_STYLE = Automatic;
				CURRENT_PROJECT_VERSION = 1;
				DEVELOPMENT_TEAM = 6ZNFG9P6YH;
				GENERATE_INFOPLIST_FILE = YES;
				INFOPLIST_FILE = ShieldAction/Info.plist;
				INFOPLIST_KEY_CFBundleDisplayName = ShieldAction;
				INFOPLIST_KEY_NSHumanReadableCopyright = "";
				IPHONEOS_DEPLOYMENT_TARGET = 18.1;
				LD_RUNPATH_SEARCH_PATHS = (
					"$(inherited)",
					"@executable_path/Frameworks",
					"@executable_path/../../Frameworks",
				);
				MARKETING_VERSION = 1.0;
				PRODUCT_BUNDLE_IDENTIFIER = com.stargazers.star.ShieldAction;
				PRODUCT_NAME = "$(TARGET_NAME)";
				SKIP_INSTALL = YES;
				SWIFT_EMIT_LOC_STRINGS = YES;
				SWIFT_VERSION = 5.0;
				TARGETED_DEVICE_FAMILY = "1,2";
			};
			name = Release;
		};
		718A8B282D4CC03C00E28658 /* Debug */ = {
			isa = XCBuildConfiguration;
			buildSettings = {
				CODE_SIGN_ENTITLEMENTS = DeviceActivityMonitor/DeviceActivityMonitor.entitlements;
				CODE_SIGN_IDENTITY = "Apple Development";
				"CODE_SIGN_IDENTITY[sdk=iphoneos*]" = "iPhone Developer";
				CODE_SIGN_STYLE = Automatic;
				CURRENT_PROJECT_VERSION = 1;
				DEVELOPMENT_TEAM = 6ZNFG9P6YH;
				GENERATE_INFOPLIST_FILE = YES;
				INFOPLIST_FILE = DeviceActivityMonitor/Info.plist;
				INFOPLIST_KEY_CFBundleDisplayName = DeviceActivityMonitor;
				INFOPLIST_KEY_NSHumanReadableCopyright = "";
				IPHONEOS_DEPLOYMENT_TARGET = 18.1;
				LD_RUNPATH_SEARCH_PATHS = (
					"$(inherited)",
					"@executable_path/Frameworks",
					"@executable_path/../../Frameworks",
				);
				MARKETING_VERSION = 1.0;
				PRODUCT_BUNDLE_IDENTIFIER = com.stargazers.star.DeviceActivityMonitor;
				PRODUCT_NAME = "$(TARGET_NAME)";
				SKIP_INSTALL = YES;
				SWIFT_EMIT_LOC_STRINGS = YES;
				SWIFT_VERSION = 5.0;
				TARGETED_DEVICE_FAMILY = "1,2";
			};
			name = Debug;
		};
		718A8B292D4CC03C00E28658 /* Release */ = {
			isa = XCBuildConfiguration;
			buildSettings = {
				CODE_SIGN_ENTITLEMENTS = DeviceActivityMonitor/DeviceActivityMonitor.entitlements;
				CODE_SIGN_IDENTITY = "Apple Development";
				CODE_SIGN_STYLE = Automatic;
				CURRENT_PROJECT_VERSION = 1;
				DEVELOPMENT_TEAM = 6ZNFG9P6YH;
				GENERATE_INFOPLIST_FILE = YES;
				INFOPLIST_FILE = DeviceActivityMonitor/Info.plist;
				INFOPLIST_KEY_CFBundleDisplayName = DeviceActivityMonitor;
				INFOPLIST_KEY_NSHumanReadableCopyright = "";
				IPHONEOS_DEPLOYMENT_TARGET = 18.1;
				LD_RUNPATH_SEARCH_PATHS = (
					"$(inherited)",
					"@executable_path/Frameworks",
					"@executable_path/../../Frameworks",
				);
				MARKETING_VERSION = 1.0;
				PRODUCT_BUNDLE_IDENTIFIER = com.stargazers.star.DeviceActivityMonitor;
				PRODUCT_NAME = "$(TARGET_NAME)";
				SKIP_INSTALL = YES;
				SWIFT_EMIT_LOC_STRINGS = YES;
				SWIFT_VERSION = 5.0;
				TARGETED_DEVICE_FAMILY = "1,2";
			};
			name = Release;
		};
		71F41F092D3FC73500257988 /* Debug */ = {
			isa = XCBuildConfiguration;
			buildSettings = {
				ASSETCATALOG_COMPILER_APPICON_NAME = AppIcon;
				ASSETCATALOG_COMPILER_GLOBAL_ACCENT_COLOR_NAME = AccentColor;
				CODE_SIGN_ENTITLEMENTS = star/App/App.entitlements;
				CODE_SIGN_IDENTITY = "Apple Development";
				"CODE_SIGN_IDENTITY[sdk=iphoneos*]" = "iPhone Developer";
				CODE_SIGN_STYLE = Manual;
				CURRENT_PROJECT_VERSION = 1;
				DEVELOPMENT_TEAM = "";
				"DEVELOPMENT_TEAM[sdk=iphoneos*]" = 6ZNFG9P6YH;
				GENERATE_INFOPLIST_FILE = YES;
				INFOPLIST_FILE = star/App/Info.plist;
				INFOPLIST_KEY_CFBundleDisplayName = STAR;
				INFOPLIST_KEY_LSApplicationCategoryType = "public.app-category.productivity";
				INFOPLIST_KEY_UIApplicationSupportsIndirectInputEvents = YES;
				INFOPLIST_KEY_UILaunchStoryboardName = LaunchScreen;
				INFOPLIST_KEY_UIStatusBarStyle = UIStatusBarStyleDarkContent;
				INFOPLIST_KEY_UISupportedInterfaceOrientations = UIInterfaceOrientationPortrait;
				IPHONEOS_DEPLOYMENT_TARGET = 16.0;
				LD_RUNPATH_SEARCH_PATHS = (
					"$(inherited)",
					"@executable_path/Frameworks",
				);
				MARKETING_VERSION = 0.0.1.0;
				PRODUCT_BUNDLE_IDENTIFIER = com.stargazers.star;
				PRODUCT_NAME = "$(TARGET_NAME)";
				PROVISIONING_PROFILE_SPECIFIER = "";
				"PROVISIONING_PROFILE_SPECIFIER[sdk=iphoneos*]" = group;
				SUPPORTED_PLATFORMS = "iphoneos iphonesimulator";
				SUPPORTS_MACCATALYST = NO;
				SUPPORTS_MAC_DESIGNED_FOR_IPHONE_IPAD = NO;
				SUPPORTS_XR_DESIGNED_FOR_IPHONE_IPAD = NO;
				SWIFT_EMIT_LOC_STRINGS = YES;
				SWIFT_VERSION = 5.0;
				TARGETED_DEVICE_FAMILY = 1;
			};
			name = Debug;
		};
		71F41F0A2D3FC73500257988 /* Release */ = {
			isa = XCBuildConfiguration;
			buildSettings = {
				ASSETCATALOG_COMPILER_APPICON_NAME = AppIcon;
				ASSETCATALOG_COMPILER_GLOBAL_ACCENT_COLOR_NAME = AccentColor;
				CODE_SIGN_ENTITLEMENTS = star/App/App.entitlements;
				CODE_SIGN_IDENTITY = "Apple Development";
				"CODE_SIGN_IDENTITY[sdk=iphoneos*]" = "iPhone Developer";
				CODE_SIGN_STYLE = Manual;
				CURRENT_PROJECT_VERSION = 1;
				DEVELOPMENT_TEAM = "";
				"DEVELOPMENT_TEAM[sdk=iphoneos*]" = 6ZNFG9P6YH;
				GENERATE_INFOPLIST_FILE = YES;
				INFOPLIST_FILE = star/App/Info.plist;
				INFOPLIST_KEY_CFBundleDisplayName = STAR;
				INFOPLIST_KEY_LSApplicationCategoryType = "public.app-category.productivity";
				INFOPLIST_KEY_UIApplicationSupportsIndirectInputEvents = YES;
				INFOPLIST_KEY_UILaunchStoryboardName = LaunchScreen;
				INFOPLIST_KEY_UIStatusBarStyle = UIStatusBarStyleDarkContent;
				INFOPLIST_KEY_UISupportedInterfaceOrientations = UIInterfaceOrientationPortrait;
				IPHONEOS_DEPLOYMENT_TARGET = 16.0;
				LD_RUNPATH_SEARCH_PATHS = (
					"$(inherited)",
					"@executable_path/Frameworks",
				);
				MARKETING_VERSION = 0.0.1.0;
				PRODUCT_BUNDLE_IDENTIFIER = com.stargazers.star;
				PRODUCT_NAME = "$(TARGET_NAME)";
				PROVISIONING_PROFILE_SPECIFIER = "";
				"PROVISIONING_PROFILE_SPECIFIER[sdk=iphoneos*]" = group;
				SUPPORTED_PLATFORMS = "iphoneos iphonesimulator";
				SUPPORTS_MACCATALYST = NO;
				SUPPORTS_MAC_DESIGNED_FOR_IPHONE_IPAD = NO;
				SUPPORTS_XR_DESIGNED_FOR_IPHONE_IPAD = NO;
				SWIFT_EMIT_LOC_STRINGS = YES;
				SWIFT_VERSION = 5.0;
				TARGETED_DEVICE_FAMILY = 1;
			};
			name = Release;
		};
		71F41F0B2D3FC73500257988 /* Debug */ = {
			isa = XCBuildConfiguration;
			baseConfigurationReferenceAnchor = 71F41EDE2D3FC73300257988 /* star */;
			baseConfigurationReferenceRelativePath = App/XCConfig/shared.xcconfig;
			buildSettings = {
				ALWAYS_SEARCH_USER_PATHS = NO;
				ASSETCATALOG_COMPILER_GENERATE_SWIFT_ASSET_SYMBOL_EXTENSIONS = YES;
				CLANG_ANALYZER_NONNULL = YES;
				CLANG_ANALYZER_NUMBER_OBJECT_CONVERSION = YES_AGGRESSIVE;
				CLANG_CXX_LANGUAGE_STANDARD = "gnu++20";
				CLANG_ENABLE_MODULES = YES;
				CLANG_ENABLE_OBJC_ARC = YES;
				CLANG_ENABLE_OBJC_WEAK = YES;
				CLANG_WARN_BLOCK_CAPTURE_AUTORELEASING = YES;
				CLANG_WARN_BOOL_CONVERSION = YES;
				CLANG_WARN_COMMA = YES;
				CLANG_WARN_CONSTANT_CONVERSION = YES;
				CLANG_WARN_DEPRECATED_OBJC_IMPLEMENTATIONS = YES;
				CLANG_WARN_DIRECT_OBJC_ISA_USAGE = YES_ERROR;
				CLANG_WARN_DOCUMENTATION_COMMENTS = YES;
				CLANG_WARN_EMPTY_BODY = YES;
				CLANG_WARN_ENUM_CONVERSION = YES;
				CLANG_WARN_INFINITE_RECURSION = YES;
				CLANG_WARN_INT_CONVERSION = YES;
				CLANG_WARN_NON_LITERAL_NULL_CONVERSION = YES;
				CLANG_WARN_OBJC_IMPLICIT_RETAIN_SELF = YES;
				CLANG_WARN_OBJC_LITERAL_CONVERSION = YES;
				CLANG_WARN_OBJC_ROOT_CLASS = YES_ERROR;
				CLANG_WARN_QUOTED_INCLUDE_IN_FRAMEWORK_HEADER = YES;
				CLANG_WARN_RANGE_LOOP_ANALYSIS = YES;
				CLANG_WARN_STRICT_PROTOTYPES = YES;
				CLANG_WARN_SUSPICIOUS_MOVE = YES;
				CLANG_WARN_UNGUARDED_AVAILABILITY = YES_AGGRESSIVE;
				CLANG_WARN_UNREACHABLE_CODE = YES;
				CLANG_WARN__DUPLICATE_METHOD_MATCH = YES;
				COPY_PHASE_STRIP = NO;
				DEBUG_INFORMATION_FORMAT = dwarf;
				ENABLE_STRICT_OBJC_MSGSEND = YES;
				ENABLE_TESTABILITY = YES;
				ENABLE_USER_SCRIPT_SANDBOXING = YES;
				GCC_C_LANGUAGE_STANDARD = gnu17;
				GCC_DYNAMIC_NO_PIC = NO;
				GCC_NO_COMMON_BLOCKS = YES;
				GCC_OPTIMIZATION_LEVEL = 0;
				GCC_PREPROCESSOR_DEFINITIONS = (
					"DEBUG=1",
					"$(inherited)",
				);
				GCC_WARN_64_TO_32_BIT_CONVERSION = YES;
				GCC_WARN_ABOUT_RETURN_TYPE = YES_ERROR;
				GCC_WARN_UNDECLARED_SELECTOR = YES;
				GCC_WARN_UNINITIALIZED_AUTOS = YES_AGGRESSIVE;
				GCC_WARN_UNUSED_FUNCTION = YES;
				GCC_WARN_UNUSED_VARIABLE = YES;
				IPHONEOS_DEPLOYMENT_TARGET = 16.6;
				LOCALIZATION_PREFERS_STRING_CATALOGS = YES;
				MTL_ENABLE_DEBUG_INFO = INCLUDE_SOURCE;
				MTL_FAST_MATH = YES;
				ONLY_ACTIVE_ARCH = YES;
				SDKROOT = iphoneos;
				SWIFT_ACTIVE_COMPILATION_CONDITIONS = "DEBUG $(inherited)";
				SWIFT_OPTIMIZATION_LEVEL = "-Onone";
			};
			name = Debug;
		};
		71F41F0C2D3FC73500257988 /* Release */ = {
			isa = XCBuildConfiguration;
			baseConfigurationReferenceAnchor = 71F41EDE2D3FC73300257988 /* star */;
			baseConfigurationReferenceRelativePath = App/XCConfig/shared.xcconfig;
			buildSettings = {
				ALWAYS_SEARCH_USER_PATHS = NO;
				ASSETCATALOG_COMPILER_GENERATE_SWIFT_ASSET_SYMBOL_EXTENSIONS = YES;
				CLANG_ANALYZER_NONNULL = YES;
				CLANG_ANALYZER_NUMBER_OBJECT_CONVERSION = YES_AGGRESSIVE;
				CLANG_CXX_LANGUAGE_STANDARD = "gnu++20";
				CLANG_ENABLE_MODULES = YES;
				CLANG_ENABLE_OBJC_ARC = YES;
				CLANG_ENABLE_OBJC_WEAK = YES;
				CLANG_WARN_BLOCK_CAPTURE_AUTORELEASING = YES;
				CLANG_WARN_BOOL_CONVERSION = YES;
				CLANG_WARN_COMMA = YES;
				CLANG_WARN_CONSTANT_CONVERSION = YES;
				CLANG_WARN_DEPRECATED_OBJC_IMPLEMENTATIONS = YES;
				CLANG_WARN_DIRECT_OBJC_ISA_USAGE = YES_ERROR;
				CLANG_WARN_DOCUMENTATION_COMMENTS = YES;
				CLANG_WARN_EMPTY_BODY = YES;
				CLANG_WARN_ENUM_CONVERSION = YES;
				CLANG_WARN_INFINITE_RECURSION = YES;
				CLANG_WARN_INT_CONVERSION = YES;
				CLANG_WARN_NON_LITERAL_NULL_CONVERSION = YES;
				CLANG_WARN_OBJC_IMPLICIT_RETAIN_SELF = YES;
				CLANG_WARN_OBJC_LITERAL_CONVERSION = YES;
				CLANG_WARN_OBJC_ROOT_CLASS = YES_ERROR;
				CLANG_WARN_QUOTED_INCLUDE_IN_FRAMEWORK_HEADER = YES;
				CLANG_WARN_RANGE_LOOP_ANALYSIS = YES;
				CLANG_WARN_STRICT_PROTOTYPES = YES;
				CLANG_WARN_SUSPICIOUS_MOVE = YES;
				CLANG_WARN_UNGUARDED_AVAILABILITY = YES_AGGRESSIVE;
				CLANG_WARN_UNREACHABLE_CODE = YES;
				CLANG_WARN__DUPLICATE_METHOD_MATCH = YES;
				COPY_PHASE_STRIP = NO;
				DEBUG_INFORMATION_FORMAT = "dwarf-with-dsym";
				ENABLE_NS_ASSERTIONS = NO;
				ENABLE_STRICT_OBJC_MSGSEND = YES;
				ENABLE_USER_SCRIPT_SANDBOXING = YES;
				GCC_C_LANGUAGE_STANDARD = gnu17;
				GCC_NO_COMMON_BLOCKS = YES;
				GCC_WARN_64_TO_32_BIT_CONVERSION = YES;
				GCC_WARN_ABOUT_RETURN_TYPE = YES_ERROR;
				GCC_WARN_UNDECLARED_SELECTOR = YES;
				GCC_WARN_UNINITIALIZED_AUTOS = YES_AGGRESSIVE;
				GCC_WARN_UNUSED_FUNCTION = YES;
				GCC_WARN_UNUSED_VARIABLE = YES;
				IPHONEOS_DEPLOYMENT_TARGET = 16.6;
				LOCALIZATION_PREFERS_STRING_CATALOGS = YES;
				MTL_ENABLE_DEBUG_INFO = NO;
				MTL_FAST_MATH = YES;
				SDKROOT = iphoneos;
				SWIFT_COMPILATION_MODE = wholemodule;
				VALIDATE_PRODUCT = YES;
			};
			name = Release;
		};
/* End XCBuildConfiguration section */

/* Begin XCConfigurationList section */
		718A8A132D4CB9CA00E28658 /* Build configuration list for PBXNativeTarget "ShieldConfiguration" */ = {
			isa = XCConfigurationList;
			buildConfigurations = (
				718A8A142D4CB9CA00E28658 /* Debug */,
				718A8A152D4CB9CA00E28658 /* Release */,
			);
			defaultConfigurationIsVisible = 0;
			defaultConfigurationName = Release;
		};
		718A8B152D4CBF9A00E28658 /* Build configuration list for PBXNativeTarget "ShieldAction" */ = {
			isa = XCConfigurationList;
			buildConfigurations = (
				718A8B162D4CBF9A00E28658 /* Debug */,
				718A8B172D4CBF9A00E28658 /* Release */,
			);
			defaultConfigurationIsVisible = 0;
			defaultConfigurationName = Release;
		};
		718A8B272D4CC03C00E28658 /* Build configuration list for PBXNativeTarget "DeviceActivityMonitor" */ = {
			isa = XCConfigurationList;
			buildConfigurations = (
				718A8B282D4CC03C00E28658 /* Debug */,
				718A8B292D4CC03C00E28658 /* Release */,
			);
			defaultConfigurationIsVisible = 0;
			defaultConfigurationName = Release;
		};
		71F41ED72D3FC73300257988 /* Build configuration list for PBXProject "star" */ = {
			isa = XCConfigurationList;
			buildConfigurations = (
				71F41F0B2D3FC73500257988 /* Debug */,
				71F41F0C2D3FC73500257988 /* Release */,
			);
			defaultConfigurationIsVisible = 0;
			defaultConfigurationName = Release;
		};
		71F41F082D3FC73500257988 /* Build configuration list for PBXNativeTarget "star" */ = {
			isa = XCConfigurationList;
			buildConfigurations = (
				71F41F092D3FC73500257988 /* Debug */,
				71F41F0A2D3FC73500257988 /* Release */,
			);
			defaultConfigurationIsVisible = 0;
			defaultConfigurationName = Release;
		};
/* End XCConfigurationList section */

/* Begin XCRemoteSwiftPackageReference section */
		23CC31AA2D40B3480026CF54 /* XCRemoteSwiftPackageReference "Then" */ = {
			isa = XCRemoteSwiftPackageReference;
			repositoryURL = "https://github.com/devxoul/Then.git";
			requirement = {
				kind = upToNextMajorVersion;
				minimumVersion = 3.0.0;
			};
		};
		23CC31AD2D40B3570026CF54 /* XCRemoteSwiftPackageReference "SnapKit" */ = {
			isa = XCRemoteSwiftPackageReference;
			repositoryURL = "https://github.com/SnapKit/SnapKit.git";
			requirement = {
				kind = upToNextMajorVersion;
				minimumVersion = 5.7.1;
			};
		};
		23CF7FED2D45DE110019D597 /* XCRemoteSwiftPackageReference "RxSwift" */ = {
			isa = XCRemoteSwiftPackageReference;
			repositoryURL = "https://github.com/ReactiveX/RxSwift.git";
			requirement = {
				kind = upToNextMajorVersion;
				minimumVersion = 6.8.0;
			};
		};
		23CF7FF42D45DFDC0019D597 /* XCRemoteSwiftPackageReference "RxKeyboard" */ = {
			isa = XCRemoteSwiftPackageReference;
			repositoryURL = "https://github.com/RxSwiftCommunity/RxKeyboard";
			requirement = {
				kind = upToNextMajorVersion;
				minimumVersion = 2.0.1;
			};
		};
/* End XCRemoteSwiftPackageReference section */

/* Begin XCSwiftPackageProductDependency section */
		23CC31AB2D40B3480026CF54 /* Then */ = {
			isa = XCSwiftPackageProductDependency;
			package = 23CC31AA2D40B3480026CF54 /* XCRemoteSwiftPackageReference "Then" */;
			productName = Then;
		};
		23CC31AE2D40B3570026CF54 /* SnapKit */ = {
			isa = XCSwiftPackageProductDependency;
			package = 23CC31AD2D40B3570026CF54 /* XCRemoteSwiftPackageReference "SnapKit" */;
			productName = SnapKit;
		};
		23CF7FEE2D45DE110019D597 /* RxCocoa */ = {
			isa = XCSwiftPackageProductDependency;
			package = 23CF7FED2D45DE110019D597 /* XCRemoteSwiftPackageReference "RxSwift" */;
			productName = RxCocoa;
		};
		23CF7FF02D45DE110019D597 /* RxRelay */ = {
			isa = XCSwiftPackageProductDependency;
			package = 23CF7FED2D45DE110019D597 /* XCRemoteSwiftPackageReference "RxSwift" */;
			productName = RxRelay;
		};
		23CF7FF22D45DE110019D597 /* RxSwift */ = {
			isa = XCSwiftPackageProductDependency;
			package = 23CF7FED2D45DE110019D597 /* XCRemoteSwiftPackageReference "RxSwift" */;
			productName = RxSwift;
		};
		23CF7FF52D45DFDC0019D597 /* RxKeyboard */ = {
			isa = XCSwiftPackageProductDependency;
			package = 23CF7FF42D45DFDC0019D597 /* XCRemoteSwiftPackageReference "RxKeyboard" */;
			productName = RxKeyboard;
		};
		718A8B2D2D4CC15D00E28658 /* RxSwift */ = {
			isa = XCSwiftPackageProductDependency;
			package = 23CF7FED2D45DE110019D597 /* XCRemoteSwiftPackageReference "RxSwift" */;
			productName = RxSwift;
		};
/* End XCSwiftPackageProductDependency section */
	};
	rootObject = 71F41ED42D3FC73300257988 /* Project object */;
}
